PODS:
  - Bitcoin (0.2.1):
    - CBitcoin
    - WolfFoundation
    - WolfPipe
  - CBitcoin (0.2.1)
  - ExtensibleEnumeratedName (1.0.3)
  - WolfFoundation (2.2.1):
    - WolfNumerics
    - WolfPipe
  - WolfNumerics (3.0.2)
  - WolfOSBridge (1.1.0)
  - WolfPipe (1.1.2)
  - WolfStrings (1.2.3):
    - ExtensibleEnumeratedName
    - WolfNumerics
    - WolfOSBridge
    - WolfPipe
    - WolfWith
  - WolfWith (1.0.3)

DEPENDENCIES:
  - Bitcoin (from `../`)
  - CBitcoin (from `../../CBitcoin`)
  - WolfFoundation (from `../../WolfFoundation`)
  - WolfNumerics (from `../../WolfNumerics`)
  - WolfPipe (from `../../WolfPipe`)
  - WolfStrings (from `../../WolfStrings`)
  - WolfWith (from `../../WolfWith`)

SPEC REPOS:
  https://github.com/cocoapods/specs.git:
    - ExtensibleEnumeratedName
    - WolfOSBridge

EXTERNAL SOURCES:
  Bitcoin:
    :path: "../"
  CBitcoin:
    :path: "../../CBitcoin"
  WolfFoundation:
    :path: "../../WolfFoundation"
  WolfNumerics:
    :path: "../../WolfNumerics"
  WolfPipe:
    :path: "../../WolfPipe"
  WolfStrings:
    :path: "../../WolfStrings"
  WolfWith:
    :path: "../../WolfWith"

SPEC CHECKSUMS:
  Bitcoin: 9416707e648354e3f10cee1cfba3ad2095a1e0f7
  CBitcoin: fb3c67958dc89db089c224003940d5dd420f5390
  ExtensibleEnumeratedName: c6caeb662f79105e7229a613f9043e8a7e15e642
  WolfFoundation: 502c1a0b6f6ac8fb536e8c0b859dc128c5400402
  WolfNumerics: 6a1df30251117c937d1c299f87f719e3873fff9a
  WolfOSBridge: b44c359c659d4ac704602f3f18336ffedfbb5d6a
  WolfPipe: fa90042cd42c03bc0ee50a2d1ad2098b8e86a15e
  WolfStrings: fcf65209f55165683765cb91fa8032a81bd52012
  WolfWith: 4122f873db22b64dbb08dbc675970b538b1c8779

PODFILE CHECKSUM: a284668afdaaed75c25b938fece46aa30ac94bd6

COCOAPODS: 1.6.0.beta.2
