PODS:
  - Bitcoin (0.1.0):
    - CBitcoin
    - WolfPipe
  - CBitcoin (0.1.0)
  - ExtensibleEnumeratedName (1.0.3)
  - WolfNumerics (2.0.0)
  - WolfPipe (1.0.4)
  - WolfStrings (1.0.3):
    - ExtensibleEnumeratedName
    - WolfNumerics
    - WolfPipe
  - WolfWith (1.0.2)

DEPENDENCIES:
  - Bitcoin (from `../`)
  - CBitcoin (from `../../CBitcoin`)
  - WolfNumerics (from `../../WolfNumerics`)
  - WolfPipe (from `../../WolfPipe`)
  - WolfStrings (from `../../WolfStrings`)
  - WolfWith (from `../../WolfWith`)

SPEC REPOS:
  https://github.com/cocoapods/specs.git:
    - ExtensibleEnumeratedName

EXTERNAL SOURCES:
  Bitcoin:
    :path: "../"
  CBitcoin:
    :path: "../../CBitcoin"
  WolfNumerics:
    :path: "../../WolfNumerics"
  WolfPipe:
    :path: "../../WolfPipe"
  WolfStrings:
    :path: "../../WolfStrings"
  WolfWith:
    :path: "../../WolfWith"

SPEC CHECKSUMS:
  Bitcoin: 5038268d0cf25ed065f67ffed707421bac058333
  CBitcoin: ccbf4730afa2d742ce61422e44c7c8c37a7a3997
  ExtensibleEnumeratedName: c6caeb662f79105e7229a613f9043e8a7e15e642
  WolfNumerics: bae55621165b9992c59e614959b9eea4f48142fd
  WolfPipe: ff174b2221cee7fc86fc98d05601983d887053fe
  WolfStrings: 39d92fbd85e5870e437e788430220c59dadbfde6
  WolfWith: df7f308b44883b5cee2cce6220f468e6d8c16cb0

PODFILE CHECKSUM: 228f35ac5d31f98e3a768eeee539db41022997df

COCOAPODS: 1.6.0.beta.1
