PODS:
  - Bitcoin (0.5.1):
    - CBitcoin
    - WolfCore
  - CBitcoin (0.5.1)
  - ExtensibleEnumeratedName (2.0)
  - WolfCore (4.0.5):
    - ExtensibleEnumeratedName
    - WolfFoundation
    - WolfNesting
    - WolfNumerics
    - WolfOSBridge
    - WolfPipe
    - WolfStrings
    - WolfWith
  - WolfFoundation (3.0.0):
    - WolfNumerics
    - WolfPipe
  - WolfNesting (2.0.1)
  - WolfNumerics (4.0)
  - WolfOSBridge (2.0.0)
  - WolfPipe (2.0.0)
  - WolfStrings (2.0.0):
    - ExtensibleEnumeratedName
    - WolfNumerics
    - WolfOSBridge
    - WolfPipe
    - WolfWith
  - WolfWith (2.0.1)

DEPENDENCIES:
  - Bitcoin (from `../`)
  - CBitcoin
  - WolfCore

SPEC REPOS:
  https://github.com/cocoapods/specs.git:
    - CBitcoin
    - ExtensibleEnumeratedName
    - WolfCore
    - WolfFoundation
    - WolfNesting
    - WolfNumerics
    - WolfOSBridge
    - WolfPipe
    - WolfStrings
    - WolfWith

EXTERNAL SOURCES:
  Bitcoin:
    :path: "../"

SPEC CHECKSUMS:
  Bitcoin: 94763986cdecff4b05b89c84f0afd5439d53ba6b
  CBitcoin: 3f0f2e4e211aa10573940d8d9c9b0b0123ad24b5
  ExtensibleEnumeratedName: 50f2d256f6d56baecf681f6fbb6362343dcf885b
  WolfCore: 640ab58e6795eeedc3bad28056bcbc46f384ad54
  WolfFoundation: df7514e9faf208f591f02cb156ddb537e2a14958
  WolfNesting: 891247e766da604f0e8124d85a158fe123ceb8d8
  WolfNumerics: 6a57756b668073414da8a6911b86781096aded37
  WolfOSBridge: e9260681790a7c89f725e134c0c1d4172d2d2dc9
  WolfPipe: 18ffb77a188263392893a62630defc2a5b92b4f3
  WolfStrings: edc63c08fbd1149ccbf5eca5020b13465084513b
  WolfWith: 2320a88a03a943df9ff1284c9cca10f86cb73c60

PODFILE CHECKSUM: 429bd681b3e5a287672a874b828dae16e8b53763

COCOAPODS: 1.7.0.beta.2
